
Microsoft Visual Studio Solution File, Format Version 12.00
# Visual Studio Version 17
VisualStudioVersion = 17.9.34728.123
MinimumVisualStudioVersion = 10.0.40219.1
Project("{FAE04EC0-301F-11D3-BF4B-00C04F79EFBC}") = "WebStoreApi", "WebStoreApi\WebStoreApi.csproj", "{EAA184A1-E7AF-482B-B0D4-E4EBBD997E59}"
EndProject
Global
	GlobalSection(SolutionConfigurationPlatforms) = preSolution
		Debug|Any CPU = Debug|Any CPU
		Release|Any CPU = Release|Any CPU
	EndGlobalSection
	GlobalSection(ProjectConfigurationPlatforms) = postSolution
		{EAA184A1-E7AF-482B-B0D4-E4EBBD997E59}.Debug|Any CPU.ActiveCfg = Debug|Any CPU
		{EAA184A1-E7AF-482B-B0D4-E4EBBD997E59}.Debug|Any CPU.Build.0 = Debug|Any CPU
		{EAA184A1-E7AF-482B-B0D4-E4EBBD997E59}.Release|Any CPU.ActiveCfg = Release|Any CPU
		{EAA184A1-E7AF-482B-B0D4-E4EBBD997E59}.Release|Any CPU.Build.0 = Release|Any CPU
	EndGlobalSection
	GlobalSection(SolutionProperties) = preSolution
		HideSolutionNode = FALSE
	EndGlobalSection
	GlobalSection(ExtensibilityGlobals) = postSolution
		SolutionGuid = {14780FD2-960D-4BAF-8A6B-9D27EE2BA96F}
	EndGlobalSection
EndGlobal
